
Microsoft Visual Studio Solution File, Format Version 12.00
# Visual Studio Version 17
VisualStudioVersion = 17.13.35825.156
MinimumVisualStudioVersion = 10.0.40219.1
Project("{FAE04EC0-301F-11D3-BF4B-00C04F79EFBC}") = "BookStore.InventoryManagement", "BookStore.InventoryManagement\BookStore.InventoryManagement.csproj", "{0F76851C-F8B5-45BD-B5B2-B2508D7B1A09}"
EndProject
Project("{FAE04EC0-301F-11D3-BF4B-00C04F79EFBC}") = "BookStore.InventoryManagementClient", "BookStore.InventoryManagementClient\BookStore.InventoryManagementClient.csproj", "{26E32E8A-051D-4E4A-827A-B575394C25F6}"
EndProject
Project("{FAE04EC0-301F-11D3-BF4B-00C04F79EFBC}") = "BookStore.InventoryManagement.Tests", "BookStore.InventoryManagement.Tests\BookStore.InventoryManagement.Tests.csproj", "{5A6D36E0-14EB-4FA9-849E-67F49F441160}"
EndProject
Global
	GlobalSection(SolutionConfigurationPlatforms) = preSolution
		Debug|Any CPU = Debug|Any CPU
		Release|Any CPU = Release|Any CPU
	EndGlobalSection
	GlobalSection(ProjectConfigurationPlatforms) = postSolution
		{0F76851C-F8B5-45BD-B5B2-B2508D7B1A09}.Debug|Any CPU.ActiveCfg = Debug|Any CPU
		{0F76851C-F8B5-45BD-B5B2-B2508D7B1A09}.Debug|Any CPU.Build.0 = Debug|Any CPU
		{0F76851C-F8B5-45BD-B5B2-B2508D7B1A09}.Release|Any CPU.ActiveCfg = Release|Any CPU
		{0F76851C-F8B5-45BD-B5B2-B2508D7B1A09}.Release|Any CPU.Build.0 = Release|Any CPU
		{26E32E8A-051D-4E4A-827A-B575394C25F6}.Debug|Any CPU.ActiveCfg = Debug|Any CPU
		{26E32E8A-051D-4E4A-827A-B575394C25F6}.Debug|Any CPU.Build.0 = Debug|Any CPU
		{26E32E8A-051D-4E4A-827A-B575394C25F6}.Release|Any CPU.ActiveCfg = Release|Any CPU
		{26E32E8A-051D-4E4A-827A-B575394C25F6}.Release|Any CPU.Build.0 = Release|Any CPU
		{5A6D36E0-14EB-4FA9-849E-67F49F441160}.Debug|Any CPU.ActiveCfg = Debug|Any CPU
		{5A6D36E0-14EB-4FA9-849E-67F49F441160}.Debug|Any CPU.Build.0 = Debug|Any CPU
		{5A6D36E0-14EB-4FA9-849E-67F49F441160}.Release|Any CPU.ActiveCfg = Release|Any CPU
		{5A6D36E0-14EB-4FA9-849E-67F49F441160}.Release|Any CPU.Build.0 = Release|Any CPU
	EndGlobalSection
	GlobalSection(SolutionProperties) = preSolution
		HideSolutionNode = FALSE
	EndGlobalSection
	GlobalSection(ExtensibilityGlobals) = postSolution
		SolutionGuid = {809C7219-F73C-4121-B243-954B6F607D4D}
	EndGlobalSection
EndGlobal
